// !$*UTF8*$!
{
	archiveVersion = 1;
	classes = {
	};
	objectVersion = 77;
	objects = {

/* Begin PBXBuildFile section */
		03F8E6BFE2377843B9115571 /* TerminalPointerMap.swift in Sources */ = {isa = PBXBuildFile; fileRef = B35DEAEBE9BFBD71A5144BDF /* TerminalPointerMap.swift */; };
		0471A39F306F7FF901357058 /* AppearanceProfileDocument.swift in Sources */ = {isa = PBXBuildFile; fileRef = E7D5AE7F7AB056A56B02F1D1 /* AppearanceProfileDocument.swift */; };
		0688C4FFB74219A1164B2B27 /* CapturePixels.swift in Sources */ = {isa = PBXBuildFile; fileRef = 78AB83158C4E0C5D1EBC2C96 /* CapturePixels.swift */; };
		06A9FC95B4E3A34B678AEA3A /* CRTEffect.swift in Sources */ = {isa = PBXBuildFile; fileRef = BDDCCF99C41855DDB1C3C04A /* CRTEffect.swift */; };
		08C706A246F806E29641B1F2 /* DrumTerminalView.swift in Sources */ = {isa = PBXBuildFile; fileRef = 2F06DF22B4EBE6B9DB5555F6 /* DrumTerminalView.swift */; };
		1B8F8BAD4458A646030159DF /* TerminalRenderingTests.swift in Sources */ = {isa = PBXBuildFile; fileRef = 6660E4857C7768B8B9B5087C /* TerminalRenderingTests.swift */; };
		206356300CC5209CA8252CBE /* TerminalAudioTests.swift in Sources */ = {isa = PBXBuildFile; fileRef = CAC14DB92F7536C885C7FF80 /* TerminalAudioTests.swift */; };
		22D0C6DEA485D4BB681C3433 /* PowerOnTransition.swift in Sources */ = {isa = PBXBuildFile; fileRef = 31ACC088B79255497356FE35 /* PowerOnTransition.swift */; };
		29C931A58EFC16687F38F9B9 /* TerminalView.swift in Sources */ = {isa = PBXBuildFile; fileRef = DB1C43E7C928ED4D70DA96E9 /* TerminalView.swift */; };
		2AAA7DE13D3D23E3712C3D4C /* TerminalAccessibilityTests.swift in Sources */ = {isa = PBXBuildFile; fileRef = 04E7EA6CF58C1E685891ADE3 /* TerminalAccessibilityTests.swift */; };
		2C971B3CDE213588DF521F62 /* AppState.swift in Sources */ = {isa = PBXBuildFile; fileRef = 747DF943371BBD3E7CCFC748 /* AppState.swift */; };
		2E2F245B973819EC449A4620 /* TerminalBitmapStore.swift in Sources */ = {isa = PBXBuildFile; fileRef = 19F68692303E291295286F84 /* TerminalBitmapStore.swift */; };
		352BBFBD09C874ACD6C1CF87 /* AppearanceProfileTests.swift in Sources */ = {isa = PBXBuildFile; fileRef = BE2F3126A8BBCD9C50526515 /* AppearanceProfileTests.swift */; };
		36317E8C8031546F5A5961C1 /* Assets.xcassets in Resources */ = {isa = PBXBuildFile; fileRef = 25D82A4A12C293B40B404FD3 /* Assets.xcassets */; };
		379A40F5C42986DDF2B950ED /* TerminalLinkPolicy.swift in Sources */ = {isa = PBXBuildFile; fileRef = B4B3B74E379E7C05CCEF8503 /* TerminalLinkPolicy.swift */; };
		446C0F63D4A976932B39CE1A /* CRTSettingsTests.swift in Sources */ = {isa = PBXBuildFile; fileRef = 4F0959554B3B360303C0CF62 /* CRTSettingsTests.swift */; };
		4D00087BA854DB0BCE364A5C /* TerminalColourMode.swift in Sources */ = {isa = PBXBuildFile; fileRef = A52090DA9E29A1851FB4745E /* TerminalColourMode.swift */; };
		51257DA75B8EE3FAE5000AB0 /* SoundSettingsView.swift in Sources */ = {isa = PBXBuildFile; fileRef = 6472B824B16A45704FAFFBB7 /* SoundSettingsView.swift */; };
		537A0F7A2FB64D7646E1F880 /* SoundSettings.swift in Sources */ = {isa = PBXBuildFile; fileRef = 51AA686926331863EB06E336 /* SoundSettings.swift */; };
		54AA9E66998490AECD331CF9 /* TerminalColourTests.swift in Sources */ = {isa = PBXBuildFile; fileRef = A981E2FCBB072F07D05A34F2 /* TerminalColourTests.swift */; };
		568B16BD86F01A53CF6104F6 /* TerminalPointerMapTests.swift in Sources */ = {isa = PBXBuildFile; fileRef = 7A329FA32AD28C370488A54C /* TerminalPointerMapTests.swift */; };
		5C496ED8AEC10DFE41340582 /* GlowOverlay.swift in Sources */ = {isa = PBXBuildFile; fileRef = 97FACE56781368683A16578A /* GlowOverlay.swift */; };
		5CF456B050321D25EAA0DD77 /* TerminalTheme.swift in Sources */ = {isa = PBXBuildFile; fileRef = BB727BA4B95527ACB94E8A6A /* TerminalTheme.swift */; };
		5DC4D0F7369097AB74FE2EB6 /* AppState+Profiles.swift in Sources */ = {isa = PBXBuildFile; fileRef = 4819DAC56ABF9E4CAFE2149F /* AppState+Profiles.swift */; };
		5FE30B17EBFC511ED7B1ECF0 /* TerminalMirror.swift in Sources */ = {isa = PBXBuildFile; fileRef = F3FB24532029BB0647127F80 /* TerminalMirror.swift */; };
		64EA5DC06DBC1FF2B8B60727 /* TerminalPerformanceTests.swift in Sources */ = {isa = PBXBuildFile; fileRef = ABFC936C58B25505D8F3EC29 /* TerminalPerformanceTests.swift */; };
		64F15C0A9B1D9F523A91BD80 /* TerminalCompositionTests.swift in Sources */ = {isa = PBXBuildFile; fileRef = 7F668B35FDED190F0F662443 /* TerminalCompositionTests.swift */; };
		669CCA1F8BF66A47453A8BF1 /* PerformanceRecorder.swift in Sources */ = {isa = PBXBuildFile; fileRef = E94CDB6AEA3ED1D91E8F8915 /* PerformanceRecorder.swift */; };
		70654D79A9DB50C8DF163D1A /* TerminalWorkingDirectory.swift in Sources */ = {isa = PBXBuildFile; fileRef = 466C956081493536089493E0 /* TerminalWorkingDirectory.swift */; };
		712E659C2D85A8E2E707A733 /* TerminalZoomTests.swift in Sources */ = {isa = PBXBuildFile; fileRef = 7DDF1C1CAFE2B0D97D3F4332 /* TerminalZoomTests.swift */; };
		73046398286848B78A81A230 /* Phosphor.swift in Sources */ = {isa = PBXBuildFile; fileRef = A74F1102829627292C86D5A8 /* Phosphor.swift */; };
		7C837ACB447D00F1E88E6E99 /* TerminalWaitStatusTests.swift in Sources */ = {isa = PBXBuildFile; fileRef = 1747C39D59B261C0000920A6 /* TerminalWaitStatusTests.swift */; };
		7D7FA10D35648AF2DA5A9082 /* AppearanceProfile.swift in Sources */ = {isa = PBXBuildFile; fileRef = D7C9E7AC853E40D7E1680BC9 /* AppearanceProfile.swift */; };
		7DDBF9D6F211FE26C0A9B6EB /* TerminalView+Appearance.swift in Sources */ = {isa = PBXBuildFile; fileRef = 4BAC71681E2F48662EC68EA4 /* TerminalView+Appearance.swift */; };
		82DBD2066DCB5D6CD4C44C2E /* RootView.swift in Sources */ = {isa = PBXBuildFile; fileRef = 6F44209C7A12A5E2F6F974DE /* RootView.swift */; };
		836B74AD7280BB37E6CDC2B0 /* TerminalClipboardPolicyTests.swift in Sources */ = {isa = PBXBuildFile; fileRef = 44AEBF8A595BB98DF3453745 /* TerminalClipboardPolicyTests.swift */; };
		8C486D4FDBC7FEA96DCB213B /* AppearanceProfilesView.swift in Sources */ = {isa = PBXBuildFile; fileRef = 6467724708E4C263B955A6A7 /* AppearanceProfilesView.swift */; };
		8D1E247201E9C2A21F5F9510 /* TerminalBitmapStoreTests.swift in Sources */ = {isa = PBXBuildFile; fileRef = B014EED89B83BF5298D62150 /* TerminalBitmapStoreTests.swift */; };
		8D4B0D8FC326433846DF22A5 /* TerminalSettingsView.swift in Sources */ = {isa = PBXBuildFile; fileRef = 97DB553DC0E154BE11A02DF7 /* TerminalSettingsView.swift */; };
		97E7906EADBDA4B06D19BDEC /* TerminalLinkPolicyTests.swift in Sources */ = {isa = PBXBuildFile; fileRef = 97D4E98D375B2622DC52060B /* TerminalLinkPolicyTests.swift */; };
		9A6FB943B167EAFAC0AB1203 /* SettingsView.swift in Sources */ = {isa = PBXBuildFile; fileRef = 65745C7122D59DC4E912004B /* SettingsView.swift */; };
		A207CCB3E2457F5B43BF1A8C /* SoundPlayback.swift in Sources */ = {isa = PBXBuildFile; fileRef = 9788CBA72793A2909790C7DD /* SoundPlayback.swift */; };
		A3BF06C826231B7363376F24 /* TerminalAccessibilitySnapshot.swift in Sources */ = {isa = PBXBuildFile; fileRef = 1FABE50902531EBFDCB15FE9 /* TerminalAccessibilitySnapshot.swift */; };
		A65A11D567B2AA6168CCD036 /* DrumBundle.swift in Sources */ = {isa = PBXBuildFile; fileRef = BB48E4A9F1A05F3CF70E0239 /* DrumBundle.swift */; };
		AED29E1B3EA91753AE55DD0F /* AccessibleTerminalView.swift in Sources */ = {isa = PBXBuildFile; fileRef = 1EF6F957A46F4FC4C5C71ABA /* AccessibleTerminalView.swift */; };
		B2897CE7B0196DDF55B8FB06 /* CRTSettings.swift in Sources */ = {isa = PBXBuildFile; fileRef = 9B433C3FB82DEE3ACA21BB37 /* CRTSettings.swift */; };
		B4151D451F9F2AACABF6B826 /* CRT.metal in Sources */ = {isa = PBXBuildFile; fileRef = E4CA29FC8047D53A3AE400D6 /* CRT.metal */; };
		B647C55ABDF3BD562CD73C9D /* ProfileValidation.swift in Sources */ = {isa = PBXBuildFile; fileRef = CAB6388C81B42EB5A956B2E3 /* ProfileValidation.swift */; };
		BD677F6C1E849E541A0F67B0 /* TerminalDisplayClock.swift in Sources */ = {isa = PBXBuildFile; fileRef = A8944107738B5D9CC9D0C141 /* TerminalDisplayClock.swift */; };
		C7DB08944A9C87C572D25BD5 /* TerminalDisplayClockTests.swift in Sources */ = {isa = PBXBuildFile; fileRef = 74C52B521CCE5F50AB072CBB /* TerminalDisplayClockTests.swift */; };
		C84F3FF14B01E9E009A2A2FF /* TerminalWaitStatus.swift in Sources */ = {isa = PBXBuildFile; fileRef = 05D5E0319E19308C036532B9 /* TerminalWaitStatus.swift */; };
		C8947602B8DCF75E52C8EBED /* TerminalClipboardPolicy.swift in Sources */ = {isa = PBXBuildFile; fileRef = 89C45E5949E719ACE37A77CD /* TerminalClipboardPolicy.swift */; };
		D1F44AC2CF9BCEE2F2A66483 /* TerminalThemeTests.swift in Sources */ = {isa = PBXBuildFile; fileRef = 304C1C0A499182F28B90AD9D /* TerminalThemeTests.swift */; };
		D379F7D72436E9ABBC2EC661 /* TerminalTimingObserver.swift in Sources */ = {isa = PBXBuildFile; fileRef = B2AC3FB75F0CD8C85278CC9B /* TerminalTimingObserver.swift */; };
		D6A16ED76E38947E4AC3E921 /* TerminalSessionTests.swift in Sources */ = {isa = PBXBuildFile; fileRef = 9D65ED5466F06CB5F39D77B8 /* TerminalSessionTests.swift */; };
		DB5E21381B0B13C3F0509602 /* TerminalAudio.swift in Sources */ = {isa = PBXBuildFile; fileRef = ECFF325C9146CFD21D30096A /* TerminalAudio.swift */; };
		DD146257B9293C924466D1BC /* SoundWaveform.swift in Sources */ = {isa = PBXBuildFile; fileRef = F4ACC02F4A1DAD76D1A8CF6C /* SoundWaveform.swift */; };
		E3A7E6237ACE6A13BC88F77D /* CaretOverlay.swift in Sources */ = {isa = PBXBuildFile; fileRef = 5D708C981AE7BC5A6E4DA308 /* CaretOverlay.swift */; };
		E7A4FC89F8A02BB076128F25 /* DrumApp.swift in Sources */ = {isa = PBXBuildFile; fileRef = 887F477326D6B440E24544FD /* DrumApp.swift */; };
		EB352D7D4EA5D20673951529 /* Fonts in Resources */ = {isa = PBXBuildFile; fileRef = 44B043D74DF45B0F38B4DBE6 /* Fonts */; };
		EF62DC3AB9D50B9FDF767F16 /* SwiftTerm in Frameworks */ = {isa = PBXBuildFile; productRef = 2992DF22287357EF56926EBA /* SwiftTerm */; };
		F25ADF42CA427EE53100F63B /* RootReducedMotionTests.swift in Sources */ = {isa = PBXBuildFile; fileRef = EFF6B158ADD605F81D92383B /* RootReducedMotionTests.swift */; };
		FB2662B190BA6931C84A0F5C /* TerminalSession.swift in Sources */ = {isa = PBXBuildFile; fileRef = 4F9318F68A3E30A8C403C0E4 /* TerminalSession.swift */; };
/* End PBXBuildFile section */

/* Begin PBXContainerItemProxy section */
		B49F21BFB8715CF4A7835428 /* PBXContainerItemProxy */ = {
			isa = PBXContainerItemProxy;
			containerPortal = A8DA3116932F196ACFF23E6F /* Project object */;
			proxyType = 1;
			remoteGlobalIDString = 37600639A0226672ABB701CB;
			remoteInfo = Drum;
		};
/* End PBXContainerItemProxy section */

/* Begin PBXFileReference section */
		04E7EA6CF58C1E685891ADE3 /* TerminalAccessibilityTests.swift */ = {isa = PBXFileReference; lastKnownFileType = sourcecode.swift; path = TerminalAccessibilityTests.swift; sourceTree = "<group>"; };
		05D5E0319E19308C036532B9 /* TerminalWaitStatus.swift */ = {isa = PBXFileReference; lastKnownFileType = sourcecode.swift; path = TerminalWaitStatus.swift; sourceTree = "<group>"; };
		1747C39D59B261C0000920A6 /* TerminalWaitStatusTests.swift */ = {isa = PBXFileReference; lastKnownFileType = sourcecode.swift; path = TerminalWaitStatusTests.swift; sourceTree = "<group>"; };
		19F68692303E291295286F84 /* TerminalBitmapStore.swift */ = {isa = PBXFileReference; lastKnownFileType = sourcecode.swift; path = TerminalBitmapStore.swift; sourceTree = "<group>"; };
		1EF6F957A46F4FC4C5C71ABA /* AccessibleTerminalView.swift */ = {isa = PBXFileReference; lastKnownFileType = sourcecode.swift; path = AccessibleTerminalView.swift; sourceTree = "<group>"; };
		1FABE50902531EBFDCB15FE9 /* TerminalAccessibilitySnapshot.swift */ = {isa = PBXFileReference; lastKnownFileType = sourcecode.swift; path = TerminalAccessibilitySnapshot.swift; sourceTree = "<group>"; };
		25D82A4A12C293B40B404FD3 /* Assets.xcassets */ = {isa = PBXFileReference; lastKnownFileType = folder.assetcatalog; path = Assets.xcassets; sourceTree = "<group>"; };
		2F06DF22B4EBE6B9DB5555F6 /* DrumTerminalView.swift */ = {isa = PBXFileReference; lastKnownFileType = sourcecode.swift; path = DrumTerminalView.swift; sourceTree = "<group>"; };
		304C1C0A499182F28B90AD9D /* TerminalThemeTests.swift */ = {isa = PBXFileReference; lastKnownFileType = sourcecode.swift; path = TerminalThemeTests.swift; sourceTree = "<group>"; };
		31ACC088B79255497356FE35 /* PowerOnTransition.swift */ = {isa = PBXFileReference; lastKnownFileType = sourcecode.swift; path = PowerOnTransition.swift; sourceTree = "<group>"; };
		44AEBF8A595BB98DF3453745 /* TerminalClipboardPolicyTests.swift */ = {isa = PBXFileReference; lastKnownFileType = sourcecode.swift; path = TerminalClipboardPolicyTests.swift; sourceTree = "<group>"; };
		44B043D74DF45B0F38B4DBE6 /* Fonts */ = {isa = PBXFileReference; lastKnownFileType = folder; name = Fonts; path = Drum/Resources/Fonts; sourceTree = SOURCE_ROOT; };
		466C956081493536089493E0 /* TerminalWorkingDirectory.swift */ = {isa = PBXFileReference; lastKnownFileType = sourcecode.swift; path = TerminalWorkingDirectory.swift; sourceTree = "<group>"; };
		4819DAC56ABF9E4CAFE2149F /* AppState+Profiles.swift */ = {isa = PBXFileReference; lastKnownFileType = sourcecode.swift; path = "AppState+Profiles.swift"; sourceTree = "<group>"; };
		4BAC71681E2F48662EC68EA4 /* TerminalView+Appearance.swift */ = {isa = PBXFileReference; lastKnownFileType = sourcecode.swift; path = "TerminalView+Appearance.swift"; sourceTree = "<group>"; };
		4F0959554B3B360303C0CF62 /* CRTSettingsTests.swift */ = {isa = PBXFileReference; lastKnownFileType = sourcecode.swift; path = CRTSettingsTests.swift; sourceTree = "<group>"; };
		4F9318F68A3E30A8C403C0E4 /* TerminalSession.swift */ = {isa = PBXFileReference; lastKnownFileType = sourcecode.swift; path = TerminalSession.swift; sourceTree = "<group>"; };
		51AA686926331863EB06E336 /* SoundSettings.swift */ = {isa = PBXFileReference; lastKnownFileType = sourcecode.swift; path = SoundSettings.swift; sourceTree = "<group>"; };
		5D708C981AE7BC5A6E4DA308 /* CaretOverlay.swift */ = {isa = PBXFileReference; lastKnownFileType = sourcecode.swift; path = CaretOverlay.swift; sourceTree = "<group>"; };
		603F1F5A4AE5F61C0616C348 /* Info.plist */ = {isa = PBXFileReference; lastKnownFileType = text.plist; path = Info.plist; sourceTree = "<group>"; };
		6467724708E4C263B955A6A7 /* AppearanceProfilesView.swift */ = {isa = PBXFileReference; lastKnownFileType = sourcecode.swift; path = AppearanceProfilesView.swift; sourceTree = "<group>"; };
		6472B824B16A45704FAFFBB7 /* SoundSettingsView.swift */ = {isa = PBXFileReference; lastKnownFileType = sourcecode.swift; path = SoundSettingsView.swift; sourceTree = "<group>"; };
		65745C7122D59DC4E912004B /* SettingsView.swift */ = {isa = PBXFileReference; lastKnownFileType = sourcecode.swift; path = SettingsView.swift; sourceTree = "<group>"; };
		6660E4857C7768B8B9B5087C /* TerminalRenderingTests.swift */ = {isa = PBXFileReference; lastKnownFileType = sourcecode.swift; path = TerminalRenderingTests.swift; sourceTree = "<group>"; };
		6F44209C7A12A5E2F6F974DE /* RootView.swift */ = {isa = PBXFileReference; lastKnownFileType = sourcecode.swift; path = RootView.swift; sourceTree = "<group>"; };
		747DF943371BBD3E7CCFC748 /* AppState.swift */ = {isa = PBXFileReference; lastKnownFileType = sourcecode.swift; path = AppState.swift; sourceTree = "<group>"; };
		74C52B521CCE5F50AB072CBB /* TerminalDisplayClockTests.swift */ = {isa = PBXFileReference; lastKnownFileType = sourcecode.swift; path = TerminalDisplayClockTests.swift; sourceTree = "<group>"; };
		78AB83158C4E0C5D1EBC2C96 /* CapturePixels.swift */ = {isa = PBXFileReference; lastKnownFileType = sourcecode.swift; path = CapturePixels.swift; sourceTree = "<group>"; };
		7A329FA32AD28C370488A54C /* TerminalPointerMapTests.swift */ = {isa = PBXFileReference; lastKnownFileType = sourcecode.swift; path = TerminalPointerMapTests.swift; sourceTree = "<group>"; };
		7DDF1C1CAFE2B0D97D3F4332 /* TerminalZoomTests.swift */ = {isa = PBXFileReference; lastKnownFileType = sourcecode.swift; path = TerminalZoomTests.swift; sourceTree = "<group>"; };
		7F668B35FDED190F0F662443 /* TerminalCompositionTests.swift */ = {isa = PBXFileReference; lastKnownFileType = sourcecode.swift; path = TerminalCompositionTests.swift; sourceTree = "<group>"; };
		887F477326D6B440E24544FD /* DrumApp.swift */ = {isa = PBXFileReference; lastKnownFileType = sourcecode.swift; path = DrumApp.swift; sourceTree = "<group>"; };
		89C45E5949E719ACE37A77CD /* TerminalClipboardPolicy.swift */ = {isa = PBXFileReference; lastKnownFileType = sourcecode.swift; path = TerminalClipboardPolicy.swift; sourceTree = "<group>"; };
		9788CBA72793A2909790C7DD /* SoundPlayback.swift */ = {isa = PBXFileReference; lastKnownFileType = sourcecode.swift; path = SoundPlayback.swift; sourceTree = "<group>"; };
		97D4E98D375B2622DC52060B /* TerminalLinkPolicyTests.swift */ = {isa = PBXFileReference; lastKnownFileType = sourcecode.swift; path = TerminalLinkPolicyTests.swift; sourceTree = "<group>"; };
		97DB553DC0E154BE11A02DF7 /* TerminalSettingsView.swift */ = {isa = PBXFileReference; lastKnownFileType = sourcecode.swift; path = TerminalSettingsView.swift; sourceTree = "<group>"; };
		97FACE56781368683A16578A /* GlowOverlay.swift */ = {isa = PBXFileReference; lastKnownFileType = sourcecode.swift; path = GlowOverlay.swift; sourceTree = "<group>"; };
		9B433C3FB82DEE3ACA21BB37 /* CRTSettings.swift */ = {isa = PBXFileReference; lastKnownFileType = sourcecode.swift; path = CRTSettings.swift; sourceTree = "<group>"; };
		9D65ED5466F06CB5F39D77B8 /* TerminalSessionTests.swift */ = {isa = PBXFileReference; lastKnownFileType = sourcecode.swift; path = TerminalSessionTests.swift; sourceTree = "<group>"; };
		A52090DA9E29A1851FB4745E /* TerminalColourMode.swift */ = {isa = PBXFileReference; lastKnownFileType = sourcecode.swift; path = TerminalColourMode.swift; sourceTree = "<group>"; };
		A74F1102829627292C86D5A8 /* Phosphor.swift */ = {isa = PBXFileReference; lastKnownFileType = sourcecode.swift; path = Phosphor.swift; sourceTree = "<group>"; };
		A8944107738B5D9CC9D0C141 /* TerminalDisplayClock.swift */ = {isa = PBXFileReference; lastKnownFileType = sourcecode.swift; path = TerminalDisplayClock.swift; sourceTree = "<group>"; };
		A981E2FCBB072F07D05A34F2 /* TerminalColourTests.swift */ = {isa = PBXFileReference; lastKnownFileType = sourcecode.swift; path = TerminalColourTests.swift; sourceTree = "<group>"; };
		ABFC936C58B25505D8F3EC29 /* TerminalPerformanceTests.swift */ = {isa = PBXFileReference; lastKnownFileType = sourcecode.swift; path = TerminalPerformanceTests.swift; sourceTree = "<group>"; };
		B014EED89B83BF5298D62150 /* TerminalBitmapStoreTests.swift */ = {isa = PBXFileReference; lastKnownFileType = sourcecode.swift; path = TerminalBitmapStoreTests.swift; sourceTree = "<group>"; };
		B2AC3FB75F0CD8C85278CC9B /* TerminalTimingObserver.swift */ = {isa = PBXFileReference; lastKnownFileType = sourcecode.swift; path = TerminalTimingObserver.swift; sourceTree = "<group>"; };
		B35DEAEBE9BFBD71A5144BDF /* TerminalPointerMap.swift */ = {isa = PBXFileReference; lastKnownFileType = sourcecode.swift; path = TerminalPointerMap.swift; sourceTree = "<group>"; };
		B4B3B74E379E7C05CCEF8503 /* TerminalLinkPolicy.swift */ = {isa = PBXFileReference; lastKnownFileType = sourcecode.swift; path = TerminalLinkPolicy.swift; sourceTree = "<group>"; };
		BB48E4A9F1A05F3CF70E0239 /* DrumBundle.swift */ = {isa = PBXFileReference; lastKnownFileType = sourcecode.swift; path = DrumBundle.swift; sourceTree = "<group>"; };
		BB727BA4B95527ACB94E8A6A /* TerminalTheme.swift */ = {isa = PBXFileReference; lastKnownFileType = sourcecode.swift; path = TerminalTheme.swift; sourceTree = "<group>"; };
		BDDCCF99C41855DDB1C3C04A /* CRTEffect.swift */ = {isa = PBXFileReference; lastKnownFileType = sourcecode.swift; path = CRTEffect.swift; sourceTree = "<group>"; };
		BE2F3126A8BBCD9C50526515 /* AppearanceProfileTests.swift */ = {isa = PBXFileReference; lastKnownFileType = sourcecode.swift; path = AppearanceProfileTests.swift; sourceTree = "<group>"; };
		CAB6388C81B42EB5A956B2E3 /* ProfileValidation.swift */ = {isa = PBXFileReference; lastKnownFileType = sourcecode.swift; path = ProfileValidation.swift; sourceTree = "<group>"; };
		CAC14DB92F7536C885C7FF80 /* TerminalAudioTests.swift */ = {isa = PBXFileReference; lastKnownFileType = sourcecode.swift; path = TerminalAudioTests.swift; sourceTree = "<group>"; };
		D7C9E7AC853E40D7E1680BC9 /* AppearanceProfile.swift */ = {isa = PBXFileReference; lastKnownFileType = sourcecode.swift; path = AppearanceProfile.swift; sourceTree = "<group>"; };
		DB1C43E7C928ED4D70DA96E9 /* TerminalView.swift */ = {isa = PBXFileReference; lastKnownFileType = sourcecode.swift; path = TerminalView.swift; sourceTree = "<group>"; };
		E4CA29FC8047D53A3AE400D6 /* CRT.metal */ = {isa = PBXFileReference; lastKnownFileType = sourcecode.metal; path = CRT.metal; sourceTree = "<group>"; };
		E7D5AE7F7AB056A56B02F1D1 /* AppearanceProfileDocument.swift */ = {isa = PBXFileReference; lastKnownFileType = sourcecode.swift; path = AppearanceProfileDocument.swift; sourceTree = "<group>"; };
		E94CDB6AEA3ED1D91E8F8915 /* PerformanceRecorder.swift */ = {isa = PBXFileReference; lastKnownFileType = sourcecode.swift; path = PerformanceRecorder.swift; sourceTree = "<group>"; };
		ECFF325C9146CFD21D30096A /* TerminalAudio.swift */ = {isa = PBXFileReference; lastKnownFileType = sourcecode.swift; path = TerminalAudio.swift; sourceTree = "<group>"; };
		EFF6B158ADD605F81D92383B /* RootReducedMotionTests.swift */ = {isa = PBXFileReference; lastKnownFileType = sourcecode.swift; path = RootReducedMotionTests.swift; sourceTree = "<group>"; };
		F3EE1228978E7BFF6FA73793 /* DrumTests.xctest */ = {isa = PBXFileReference; explicitFileType = wrapper.cfbundle; includeInIndex = 0; path = DrumTests.xctest; sourceTree = BUILT_PRODUCTS_DIR; };
		F3FB24532029BB0647127F80 /* TerminalMirror.swift */ = {isa = PBXFileReference; lastKnownFileType = sourcecode.swift; path = TerminalMirror.swift; sourceTree = "<group>"; };
		F4ACC02F4A1DAD76D1A8CF6C /* SoundWaveform.swift */ = {isa = PBXFileReference; lastKnownFileType = sourcecode.swift; path = SoundWaveform.swift; sourceTree = "<group>"; };
		FA83039C89B6D5C92D0E93DD /* Drum.app */ = {isa = PBXFileReference; explicitFileType = wrapper.application; includeInIndex = 0; path = Drum.app; sourceTree = BUILT_PRODUCTS_DIR; };
/* End PBXFileReference section */

/* Begin PBXFrameworksBuildPhase section */
		526BAEF248E5189CA27C50BB /* Frameworks */ = {
			isa = PBXFrameworksBuildPhase;
			buildActionMask = 2147483647;
			files = (
				EF62DC3AB9D50B9FDF767F16 /* SwiftTerm in Frameworks */,
			);
			runOnlyForDeploymentPostprocessing = 0;
		};
/* End PBXFrameworksBuildPhase section */

/* Begin PBXGroup section */
		0AC0026B9A2734C31960598D /* CRT */ = {
			isa = PBXGroup;
			children = (
				E4CA29FC8047D53A3AE400D6 /* CRT.metal */,
				BDDCCF99C41855DDB1C3C04A /* CRTEffect.swift */,
				9B433C3FB82DEE3ACA21BB37 /* CRTSettings.swift */,
				A74F1102829627292C86D5A8 /* Phosphor.swift */,
				31ACC088B79255497356FE35 /* PowerOnTransition.swift */,
				A52090DA9E29A1851FB4745E /* TerminalColourMode.swift */,
			);
			path = CRT;
			sourceTree = "<group>";
		};
		1F9A8A5508AC77E44FDF7C90 = {
			isa = PBXGroup;
			children = (
				D625C2DFA564B5C12F832960 /* Drum */,
				C12E228BF6CA79D46F99D7F1 /* DrumTests */,
				F398DC4A2838A14617A18648 /* Products */,
			);
			sourceTree = "<group>";
		};
		5533715003133982DA8678F2 /* App */ = {
			isa = PBXGroup;
			children = (
				747DF943371BBD3E7CCFC748 /* AppState.swift */,
				887F477326D6B440E24544FD /* DrumApp.swift */,
				BB48E4A9F1A05F3CF70E0239 /* DrumBundle.swift */,
				6F44209C7A12A5E2F6F974DE /* RootView.swift */,
			);
			path = App;
			sourceTree = "<group>";
		};
		74BE1E75AA2C0A9DC67D5951 /* Terminal */ = {
			isa = PBXGroup;
			children = (
				1EF6F957A46F4FC4C5C71ABA /* AccessibleTerminalView.swift */,
				5D708C981AE7BC5A6E4DA308 /* CaretOverlay.swift */,
				2F06DF22B4EBE6B9DB5555F6 /* DrumTerminalView.swift */,
				97FACE56781368683A16578A /* GlowOverlay.swift */,
				1FABE50902531EBFDCB15FE9 /* TerminalAccessibilitySnapshot.swift */,
				19F68692303E291295286F84 /* TerminalBitmapStore.swift */,
				89C45E5949E719ACE37A77CD /* TerminalClipboardPolicy.swift */,
				A8944107738B5D9CC9D0C141 /* TerminalDisplayClock.swift */,
				B4B3B74E379E7C05CCEF8503 /* TerminalLinkPolicy.swift */,
				F3FB24532029BB0647127F80 /* TerminalMirror.swift */,
				B35DEAEBE9BFBD71A5144BDF /* TerminalPointerMap.swift */,
				4F9318F68A3E30A8C403C0E4 /* TerminalSession.swift */,
				BB727BA4B95527ACB94E8A6A /* TerminalTheme.swift */,
				B2AC3FB75F0CD8C85278CC9B /* TerminalTimingObserver.swift */,
				DB1C43E7C928ED4D70DA96E9 /* TerminalView.swift */,
				4BAC71681E2F48662EC68EA4 /* TerminalView+Appearance.swift */,
				05D5E0319E19308C036532B9 /* TerminalWaitStatus.swift */,
				466C956081493536089493E0 /* TerminalWorkingDirectory.swift */,
			);
			path = Terminal;
			sourceTree = "<group>";
		};
		A03DB49EC75FFEA0673DB373 /* Audio */ = {
			isa = PBXGroup;
			children = (
				9788CBA72793A2909790C7DD /* SoundPlayback.swift */,
				51AA686926331863EB06E336 /* SoundSettings.swift */,
				F4ACC02F4A1DAD76D1A8CF6C /* SoundWaveform.swift */,
				ECFF325C9146CFD21D30096A /* TerminalAudio.swift */,
			);
			path = Audio;
			sourceTree = "<group>";
		};
		ABCC7444728F544214B8F645 /* Settings */ = {
			isa = PBXGroup;
			children = (
				D7C9E7AC853E40D7E1680BC9 /* AppearanceProfile.swift */,
				E7D5AE7F7AB056A56B02F1D1 /* AppearanceProfileDocument.swift */,
				6467724708E4C263B955A6A7 /* AppearanceProfilesView.swift */,
				4819DAC56ABF9E4CAFE2149F /* AppState+Profiles.swift */,
				CAB6388C81B42EB5A956B2E3 /* ProfileValidation.swift */,
				65745C7122D59DC4E912004B /* SettingsView.swift */,
				6472B824B16A45704FAFFBB7 /* SoundSettingsView.swift */,
				97DB553DC0E154BE11A02DF7 /* TerminalSettingsView.swift */,
			);
			path = Settings;
			sourceTree = "<group>";
		};
		C12E228BF6CA79D46F99D7F1 /* DrumTests */ = {
			isa = PBXGroup;
			children = (
				BE2F3126A8BBCD9C50526515 /* AppearanceProfileTests.swift */,
				78AB83158C4E0C5D1EBC2C96 /* CapturePixels.swift */,
				4F0959554B3B360303C0CF62 /* CRTSettingsTests.swift */,
				E94CDB6AEA3ED1D91E8F8915 /* PerformanceRecorder.swift */,
				EFF6B158ADD605F81D92383B /* RootReducedMotionTests.swift */,
				04E7EA6CF58C1E685891ADE3 /* TerminalAccessibilityTests.swift */,
				CAC14DB92F7536C885C7FF80 /* TerminalAudioTests.swift */,
				B014EED89B83BF5298D62150 /* TerminalBitmapStoreTests.swift */,
				44AEBF8A595BB98DF3453745 /* TerminalClipboardPolicyTests.swift */,
				A981E2FCBB072F07D05A34F2 /* TerminalColourTests.swift */,
				7F668B35FDED190F0F662443 /* TerminalCompositionTests.swift */,
				74C52B521CCE5F50AB072CBB /* TerminalDisplayClockTests.swift */,
				97D4E98D375B2622DC52060B /* TerminalLinkPolicyTests.swift */,
				ABFC936C58B25505D8F3EC29 /* TerminalPerformanceTests.swift */,
				7A329FA32AD28C370488A54C /* TerminalPointerMapTests.swift */,
				6660E4857C7768B8B9B5087C /* TerminalRenderingTests.swift */,
				9D65ED5466F06CB5F39D77B8 /* TerminalSessionTests.swift */,
				304C1C0A499182F28B90AD9D /* TerminalThemeTests.swift */,
				1747C39D59B261C0000920A6 /* TerminalWaitStatusTests.swift */,
				7DDF1C1CAFE2B0D97D3F4332 /* TerminalZoomTests.swift */,
			);
			path = DrumTests;
			sourceTree = "<group>";
		};
		D625C2DFA564B5C12F832960 /* Drum */ = {
			isa = PBXGroup;
			children = (
				603F1F5A4AE5F61C0616C348 /* Info.plist */,
				5533715003133982DA8678F2 /* App */,
				A03DB49EC75FFEA0673DB373 /* Audio */,
				0AC0026B9A2734C31960598D /* CRT */,
				FC82E2273522489205355FB5 /* Resources */,
				ABCC7444728F544214B8F645 /* Settings */,
				74BE1E75AA2C0A9DC67D5951 /* Terminal */,
			);
			path = Drum;
			sourceTree = "<group>";
		};
		F398DC4A2838A14617A18648 /* Products */ = {
			isa = PBXGroup;
			children = (
				FA83039C89B6D5C92D0E93DD /* Drum.app */,
				F3EE1228978E7BFF6FA73793 /* DrumTests.xctest */,
			);
			name = Products;
			sourceTree = "<group>";
		};
		FC82E2273522489205355FB5 /* Resources */ = {
			isa = PBXGroup;
			children = (
				25D82A4A12C293B40B404FD3 /* Assets.xcassets */,
				44B043D74DF45B0F38B4DBE6 /* Fonts */,
			);
			path = Resources;
			sourceTree = "<group>";
		};
/* End PBXGroup section */

/* Begin PBXNativeTarget section */
		37600639A0226672ABB701CB /* Drum */ = {
			isa = PBXNativeTarget;
			buildConfigurationList = F66B04C5E72B89B32CDDA61F /* Build configuration list for PBXNativeTarget "Drum" */;
			buildPhases = (
				CF7BDA1E16408958E4D3B13C /* Sources */,
				E5C496DA04B5813C5FEC7734 /* Resources */,
				526BAEF248E5189CA27C50BB /* Frameworks */,
			);
			buildRules = (
			);
			dependencies = (
			);
			name = Drum;
			packageProductDependencies = (
				2992DF22287357EF56926EBA /* SwiftTerm */,
			);
			productName = Drum;
			productReference = FA83039C89B6D5C92D0E93DD /* Drum.app */;
			productType = "com.apple.product-type.application";
		};
		BFDECB24256CD2138CB8C744 /* DrumTests */ = {
			isa = PBXNativeTarget;
			buildConfigurationList = 2916F5E16AE4E7F69A84235C /* Build configuration list for PBXNativeTarget "DrumTests" */;
			buildPhases = (
				B62D36F113184CE4213CE8B0 /* Sources */,
			);
			buildRules = (
			);
			dependencies = (
				622D57AF12661F382196F84E /* PBXTargetDependency */,
			);
			name = DrumTests;
			packageProductDependencies = (
			);
			productName = DrumTests;
			productReference = F3EE1228978E7BFF6FA73793 /* DrumTests.xctest */;
			productType = "com.apple.product-type.bundle.unit-test";
		};
/* End PBXNativeTarget section */

/* Begin PBXProject section */
		A8DA3116932F196ACFF23E6F /* Project object */ = {
			isa = PBXProject;
			attributes = {
				BuildIndependentTargetsInParallel = YES;
				LastUpgradeCheck = 2600;
				TargetAttributes = {
					37600639A0226672ABB701CB = {
						DevelopmentTeam = "";
						ProvisioningStyle = Manual;
					};
					BFDECB24256CD2138CB8C744 = {
						DevelopmentTeam = "";
						ProvisioningStyle = Manual;
					};
				};
			};
			buildConfigurationList = 2EA94AC7ECE52F4AF79EC8F8 /* Build configuration list for PBXProject "Drum" */;
			developmentRegion = en;
			hasScannedForEncodings = 0;
			knownRegions = (
				Base,
				en,
			);
			mainGroup = 1F9A8A5508AC77E44FDF7C90;
			minimizedProjectReferenceProxies = 1;
			packageReferences = (
				C4230A8E3AE519FEE034F88F /* XCRemoteSwiftPackageReference "SwiftTerm" */,
			);
			preferredProjectObjectVersion = 77;
			productRefGroup = F398DC4A2838A14617A18648 /* Products */;
			projectDirPath = "";
			projectRoot = "";
			targets = (
				37600639A0226672ABB701CB /* Drum */,
				BFDECB24256CD2138CB8C744 /* DrumTests */,
			);
		};
/* End PBXProject section */

/* Begin PBXResourcesBuildPhase section */
		E5C496DA04B5813C5FEC7734 /* Resources */ = {
			isa = PBXResourcesBuildPhase;
			buildActionMask = 2147483647;
			files = (
				36317E8C8031546F5A5961C1 /* Assets.xcassets in Resources */,
				EB352D7D4EA5D20673951529 /* Fonts in Resources */,
			);
			runOnlyForDeploymentPostprocessing = 0;
		};
/* End PBXResourcesBuildPhase section */

/* Begin PBXSourcesBuildPhase section */
		B62D36F113184CE4213CE8B0 /* Sources */ = {
			isa = PBXSourcesBuildPhase;
			buildActionMask = 2147483647;
			files = (
				352BBFBD09C874ACD6C1CF87 /* AppearanceProfileTests.swift in Sources */,
				446C0F63D4A976932B39CE1A /* CRTSettingsTests.swift in Sources */,
				0688C4FFB74219A1164B2B27 /* CapturePixels.swift in Sources */,
				669CCA1F8BF66A47453A8BF1 /* PerformanceRecorder.swift in Sources */,
				F25ADF42CA427EE53100F63B /* RootReducedMotionTests.swift in Sources */,
				2AAA7DE13D3D23E3712C3D4C /* TerminalAccessibilityTests.swift in Sources */,
				206356300CC5209CA8252CBE /* TerminalAudioTests.swift in Sources */,
				8D1E247201E9C2A21F5F9510 /* TerminalBitmapStoreTests.swift in Sources */,
				836B74AD7280BB37E6CDC2B0 /* TerminalClipboardPolicyTests.swift in Sources */,
				54AA9E66998490AECD331CF9 /* TerminalColourTests.swift in Sources */,
				64F15C0A9B1D9F523A91BD80 /* TerminalCompositionTests.swift in Sources */,
				C7DB08944A9C87C572D25BD5 /* TerminalDisplayClockTests.swift in Sources */,
				97E7906EADBDA4B06D19BDEC /* TerminalLinkPolicyTests.swift in Sources */,
				64EA5DC06DBC1FF2B8B60727 /* TerminalPerformanceTests.swift in Sources */,
				568B16BD86F01A53CF6104F6 /* TerminalPointerMapTests.swift in Sources */,
				1B8F8BAD4458A646030159DF /* TerminalRenderingTests.swift in Sources */,
				D6A16ED76E38947E4AC3E921 /* TerminalSessionTests.swift in Sources */,
				D1F44AC2CF9BCEE2F2A66483 /* TerminalThemeTests.swift in Sources */,
				7C837ACB447D00F1E88E6E99 /* TerminalWaitStatusTests.swift in Sources */,
				712E659C2D85A8E2E707A733 /* TerminalZoomTests.swift in Sources */,
			);
			runOnlyForDeploymentPostprocessing = 0;
		};
		CF7BDA1E16408958E4D3B13C /* Sources */ = {
			isa = PBXSourcesBuildPhase;
			buildActionMask = 2147483647;
			files = (
				AED29E1B3EA91753AE55DD0F /* AccessibleTerminalView.swift in Sources */,
				5DC4D0F7369097AB74FE2EB6 /* AppState+Profiles.swift in Sources */,
				2C971B3CDE213588DF521F62 /* AppState.swift in Sources */,
				7D7FA10D35648AF2DA5A9082 /* AppearanceProfile.swift in Sources */,
				0471A39F306F7FF901357058 /* AppearanceProfileDocument.swift in Sources */,
				8C486D4FDBC7FEA96DCB213B /* AppearanceProfilesView.swift in Sources */,
				B4151D451F9F2AACABF6B826 /* CRT.metal in Sources */,
				06A9FC95B4E3A34B678AEA3A /* CRTEffect.swift in Sources */,
				B2897CE7B0196DDF55B8FB06 /* CRTSettings.swift in Sources */,
				E3A7E6237ACE6A13BC88F77D /* CaretOverlay.swift in Sources */,
				E7A4FC89F8A02BB076128F25 /* DrumApp.swift in Sources */,
				A65A11D567B2AA6168CCD036 /* DrumBundle.swift in Sources */,
				08C706A246F806E29641B1F2 /* DrumTerminalView.swift in Sources */,
				5C496ED8AEC10DFE41340582 /* GlowOverlay.swift in Sources */,
				73046398286848B78A81A230 /* Phosphor.swift in Sources */,
				22D0C6DEA485D4BB681C3433 /* PowerOnTransition.swift in Sources */,
				B647C55ABDF3BD562CD73C9D /* ProfileValidation.swift in Sources */,
				82DBD2066DCB5D6CD4C44C2E /* RootView.swift in Sources */,
				9A6FB943B167EAFAC0AB1203 /* SettingsView.swift in Sources */,
				A207CCB3E2457F5B43BF1A8C /* SoundPlayback.swift in Sources */,
				537A0F7A2FB64D7646E1F880 /* SoundSettings.swift in Sources */,
				51257DA75B8EE3FAE5000AB0 /* SoundSettingsView.swift in Sources */,
				DD146257B9293C924466D1BC /* SoundWaveform.swift in Sources */,
				A3BF06C826231B7363376F24 /* TerminalAccessibilitySnapshot.swift in Sources */,
				DB5E21381B0B13C3F0509602 /* TerminalAudio.swift in Sources */,
				2E2F245B973819EC449A4620 /* TerminalBitmapStore.swift in Sources */,
				C8947602B8DCF75E52C8EBED /* TerminalClipboardPolicy.swift in Sources */,
				4D00087BA854DB0BCE364A5C /* TerminalColourMode.swift in Sources */,
				BD677F6C1E849E541A0F67B0 /* TerminalDisplayClock.swift in Sources */,
				379A40F5C42986DDF2B950ED /* TerminalLinkPolicy.swift in Sources */,
				5FE30B17EBFC511ED7B1ECF0 /* TerminalMirror.swift in Sources */,
				03F8E6BFE2377843B9115571 /* TerminalPointerMap.swift in Sources */,
				FB2662B190BA6931C84A0F5C /* TerminalSession.swift in Sources */,
				8D4B0D8FC326433846DF22A5 /* TerminalSettingsView.swift in Sources */,
				5CF456B050321D25EAA0DD77 /* TerminalTheme.swift in Sources */,
				D379F7D72436E9ABBC2EC661 /* TerminalTimingObserver.swift in Sources */,
				7DDBF9D6F211FE26C0A9B6EB /* TerminalView+Appearance.swift in Sources */,
				29C931A58EFC16687F38F9B9 /* TerminalView.swift in Sources */,
				C84F3FF14B01E9E009A2A2FF /* TerminalWaitStatus.swift in Sources */,
				70654D79A9DB50C8DF163D1A /* TerminalWorkingDirectory.swift in Sources */,
			);
			runOnlyForDeploymentPostprocessing = 0;
		};
/* End PBXSourcesBuildPhase section */

/* Begin PBXTargetDependency section */
		622D57AF12661F382196F84E /* PBXTargetDependency */ = {
			isa = PBXTargetDependency;
			target = 37600639A0226672ABB701CB /* Drum */;
			targetProxy = B49F21BFB8715CF4A7835428 /* PBXContainerItemProxy */;
		};
/* End PBXTargetDependency section */

/* Begin XCBuildConfiguration section */
		5C004FCB570074F47B9B845F /* Debug */ = {
			isa = XCBuildConfiguration;
			buildSettings = {
				ALWAYS_SEARCH_USER_PATHS = NO;
				CLANG_ANALYZER_NONNULL = YES;
				CLANG_ANALYZER_NUMBER_OBJECT_CONVERSION = YES_AGGRESSIVE;
				CLANG_CXX_LANGUAGE_STANDARD = "gnu++14";
				CLANG_CXX_LIBRARY = "libc++";
				CLANG_ENABLE_MODULES = YES;
				CLANG_ENABLE_OBJC_ARC = YES;
				CLANG_ENABLE_OBJC_WEAK = YES;
				CLANG_WARN_BLOCK_CAPTURE_AUTORELEASING = YES;
				CLANG_WARN_BOOL_CONVERSION = YES;
				CLANG_WARN_COMMA = YES;
				CLANG_WARN_CONSTANT_CONVERSION = YES;
				CLANG_WARN_DEPRECATED_OBJC_IMPLEMENTATIONS = YES;
				CLANG_WARN_DIRECT_OBJC_ISA_USAGE = YES_ERROR;
				CLANG_WARN_DOCUMENTATION_COMMENTS = YES;
				CLANG_WARN_EMPTY_BODY = YES;
				CLANG_WARN_ENUM_CONVERSION = YES;
				CLANG_WARN_INFINITE_RECURSION = YES;
				CLANG_WARN_INT_CONVERSION = YES;
				CLANG_WARN_NON_LITERAL_NULL_CONVERSION = YES;
				CLANG_WARN_OBJC_IMPLICIT_RETAIN_SELF = YES;
				CLANG_WARN_OBJC_LITERAL_CONVERSION = YES;
				CLANG_WARN_OBJC_ROOT_CLASS = YES_ERROR;
				CLANG_WARN_QUOTED_INCLUDE_IN_FRAMEWORK_HEADER = YES;
				CLANG_WARN_RANGE_LOOP_ANALYSIS = YES;
				CLANG_WARN_STRICT_PROTOTYPES = YES;
				CLANG_WARN_SUSPICIOUS_MOVE = YES;
				CLANG_WARN_UNGUARDED_AVAILABILITY = YES_AGGRESSIVE;
				CLANG_WARN_UNREACHABLE_CODE = YES;
				CLANG_WARN__DUPLICATE_METHOD_MATCH = YES;
				CODE_SIGN_IDENTITY = "-";
				CODE_SIGN_STYLE = Manual;
				COPY_PHASE_STRIP = NO;
				DEAD_CODE_STRIPPING = YES;
				DEBUG_INFORMATION_FORMAT = dwarf;
				DEVELOPMENT_TEAM = "";
				ENABLE_APP_SANDBOX = NO;
				ENABLE_HARDENED_RUNTIME = NO;
				ENABLE_STRICT_OBJC_MSGSEND = YES;
				ENABLE_TESTABILITY = YES;
				GCC_C_LANGUAGE_STANDARD = gnu11;
				GCC_DYNAMIC_NO_PIC = NO;
				GCC_NO_COMMON_BLOCKS = YES;
				GCC_OPTIMIZATION_LEVEL = 0;
				GCC_PREPROCESSOR_DEFINITIONS = (
					"$(inherited)",
					"DEBUG=1",
				);
				GCC_TREAT_WARNINGS_AS_ERRORS = YES;
				GCC_WARN_64_TO_32_BIT_CONVERSION = YES;
				GCC_WARN_ABOUT_RETURN_TYPE = YES_ERROR;
				GCC_WARN_UNDECLARED_SELECTOR = YES;
				GCC_WARN_UNINITIALIZED_AUTOS = YES_AGGRESSIVE;
				GCC_WARN_UNUSED_FUNCTION = YES;
				GCC_WARN_UNUSED_VARIABLE = YES;
				MACOSX_DEPLOYMENT_TARGET = 26.0;
				MTL_ENABLE_DEBUG_INFO = INCLUDE_SOURCE;
				MTL_FAST_MATH = YES;
				MTL_TREAT_WARNINGS_AS_ERRORS = YES;
				ONLY_ACTIVE_ARCH = YES;
				PRODUCT_NAME = "$(TARGET_NAME)";
				SDKROOT = macosx;
				SWIFT_ACTIVE_COMPILATION_CONDITIONS = DEBUG;
				SWIFT_OPTIMIZATION_LEVEL = "-Onone";
				SWIFT_STRICT_CONCURRENCY = complete;
				SWIFT_TREAT_WARNINGS_AS_ERRORS = YES;
				SWIFT_VERSION = 6.0;
			};
			name = Debug;
		};
		609E08AEEF3A80E3A48EBB2F /* Release */ = {
			isa = XCBuildConfiguration;
			buildSettings = {
				BUNDLE_LOADER = "$(TEST_HOST)";
				COMBINE_HIDPI_IMAGES = YES;
				GENERATE_INFOPLIST_FILE = YES;
				LD_RUNPATH_SEARCH_PATHS = (
					"$(inherited)",
					"@executable_path/../Frameworks",
					"@loader_path/../Frameworks",
				);
				ONLY_ACTIVE_ARCH = YES;
				PRODUCT_BUNDLE_IDENTIFIER = com.welshofer.DrumTests;
				SDKROOT = macosx;
				TEST_HOST = "$(BUILT_PRODUCTS_DIR)/Drum.app/Contents/MacOS/Drum";
			};
			name = Release;
		};
		655BE6E4CAF66048CE25A044 /* Debug */ = {
			isa = XCBuildConfiguration;
			buildSettings = {
				ASSETCATALOG_COMPILER_APPICON_NAME = AppIcon;
				ASSETCATALOG_COMPILER_GLOBAL_ACCENT_COLOR_NAME = "";
				COMBINE_HIDPI_IMAGES = YES;
				INFOPLIST_FILE = Drum/Info.plist;
				LD_RUNPATH_SEARCH_PATHS = (
					"$(inherited)",
					"@executable_path/../Frameworks",
				);
				MACOSX_DEPLOYMENT_TARGET = 26.0;
				PRODUCT_BUNDLE_IDENTIFIER = com.welshofer.Drum;
				PRODUCT_NAME = Drum;
				SDKROOT = macosx;
				SWIFT_EMIT_LOC_STRINGS = NO;
			};
			name = Debug;
		};
		6A016113A9629334A9ED2374 /* Distribution */ = {
			isa = XCBuildConfiguration;
			buildSettings = {
				ALWAYS_SEARCH_USER_PATHS = NO;
				CLANG_ANALYZER_NONNULL = YES;
				CLANG_ANALYZER_NUMBER_OBJECT_CONVERSION = YES_AGGRESSIVE;
				CLANG_CXX_LANGUAGE_STANDARD = "gnu++14";
				CLANG_CXX_LIBRARY = "libc++";
				CLANG_ENABLE_MODULES = YES;
				CLANG_ENABLE_OBJC_ARC = YES;
				CLANG_ENABLE_OBJC_WEAK = YES;
				CLANG_WARN_BLOCK_CAPTURE_AUTORELEASING = YES;
				CLANG_WARN_BOOL_CONVERSION = YES;
				CLANG_WARN_COMMA = YES;
				CLANG_WARN_CONSTANT_CONVERSION = YES;
				CLANG_WARN_DEPRECATED_OBJC_IMPLEMENTATIONS = YES;
				CLANG_WARN_DIRECT_OBJC_ISA_USAGE = YES_ERROR;
				CLANG_WARN_DOCUMENTATION_COMMENTS = YES;
				CLANG_WARN_EMPTY_BODY = YES;
				CLANG_WARN_ENUM_CONVERSION = YES;
				CLANG_WARN_INFINITE_RECURSION = YES;
				CLANG_WARN_INT_CONVERSION = YES;
				CLANG_WARN_NON_LITERAL_NULL_CONVERSION = YES;
				CLANG_WARN_OBJC_IMPLICIT_RETAIN_SELF = YES;
				CLANG_WARN_OBJC_LITERAL_CONVERSION = YES;
				CLANG_WARN_OBJC_ROOT_CLASS = YES_ERROR;
				CLANG_WARN_QUOTED_INCLUDE_IN_FRAMEWORK_HEADER = YES;
				CLANG_WARN_RANGE_LOOP_ANALYSIS = YES;
				CLANG_WARN_STRICT_PROTOTYPES = YES;
				CLANG_WARN_SUSPICIOUS_MOVE = YES;
				CLANG_WARN_UNGUARDED_AVAILABILITY = YES_AGGRESSIVE;
				CLANG_WARN_UNREACHABLE_CODE = YES;
				CLANG_WARN__DUPLICATE_METHOD_MATCH = YES;
				CODE_SIGN_IDENTITY = "Developer ID Application";
				CODE_SIGN_INJECT_BASE_ENTITLEMENTS = NO;
				CODE_SIGN_STYLE = Manual;
				COPY_PHASE_STRIP = NO;
				DEAD_CODE_STRIPPING = YES;
				DEBUG_INFORMATION_FORMAT = "dwarf-with-dsym";
				DEVELOPMENT_TEAM = "";
				ENABLE_APP_SANDBOX = NO;
				ENABLE_HARDENED_RUNTIME = YES;
				ENABLE_NS_ASSERTIONS = NO;
				ENABLE_STRICT_OBJC_MSGSEND = YES;
				GCC_C_LANGUAGE_STANDARD = gnu11;
				GCC_NO_COMMON_BLOCKS = YES;
				GCC_TREAT_WARNINGS_AS_ERRORS = YES;
				GCC_WARN_64_TO_32_BIT_CONVERSION = YES;
				GCC_WARN_ABOUT_RETURN_TYPE = YES_ERROR;
				GCC_WARN_UNDECLARED_SELECTOR = YES;
				GCC_WARN_UNINITIALIZED_AUTOS = YES_AGGRESSIVE;
				GCC_WARN_UNUSED_FUNCTION = YES;
				GCC_WARN_UNUSED_VARIABLE = YES;
				MACOSX_DEPLOYMENT_TARGET = 26.0;
				MTL_ENABLE_DEBUG_INFO = INCLUDE_SOURCE;
				MTL_FAST_MATH = YES;
				MTL_TREAT_WARNINGS_AS_ERRORS = YES;
				OTHER_CODE_SIGN_FLAGS = "--timestamp";
				PRODUCT_NAME = "$(TARGET_NAME)";
				SDKROOT = macosx;
				SWIFT_COMPILATION_MODE = wholemodule;
				SWIFT_OPTIMIZATION_LEVEL = "-O";
				SWIFT_STRICT_CONCURRENCY = complete;
				SWIFT_TREAT_WARNINGS_AS_ERRORS = YES;
				SWIFT_VERSION = 6.0;
			};
			name = Distribution;
		};
		7149A8F4A4966F537B5D95E4 /* Distribution */ = {
			isa = XCBuildConfiguration;
			buildSettings = {
				BUNDLE_LOADER = "$(TEST_HOST)";
				COMBINE_HIDPI_IMAGES = YES;
				GENERATE_INFOPLIST_FILE = YES;
				LD_RUNPATH_SEARCH_PATHS = (
					"$(inherited)",
					"@executable_path/../Frameworks",
					"@loader_path/../Frameworks",
				);
				ONLY_ACTIVE_ARCH = YES;
				PRODUCT_BUNDLE_IDENTIFIER = com.welshofer.DrumTests;
				SDKROOT = macosx;
				TEST_HOST = "$(BUILT_PRODUCTS_DIR)/Drum.app/Contents/MacOS/Drum";
			};
			name = Distribution;
		};
		9FE801061AE0D3E63DF4942B /* Release */ = {
			isa = XCBuildConfiguration;
			buildSettings = {
				ASSETCATALOG_COMPILER_APPICON_NAME = AppIcon;
				ASSETCATALOG_COMPILER_GLOBAL_ACCENT_COLOR_NAME = "";
				COMBINE_HIDPI_IMAGES = YES;
				INFOPLIST_FILE = Drum/Info.plist;
				LD_RUNPATH_SEARCH_PATHS = (
					"$(inherited)",
					"@executable_path/../Frameworks",
				);
				MACOSX_DEPLOYMENT_TARGET = 26.0;
				PRODUCT_BUNDLE_IDENTIFIER = com.welshofer.Drum;
				PRODUCT_NAME = Drum;
				SDKROOT = macosx;
				SWIFT_EMIT_LOC_STRINGS = NO;
			};
			name = Release;
		};
		A076DD76D9524A64F1358985 /* Release */ = {
			isa = XCBuildConfiguration;
			buildSettings = {
				ALWAYS_SEARCH_USER_PATHS = NO;
				CLANG_ANALYZER_NONNULL = YES;
				CLANG_ANALYZER_NUMBER_OBJECT_CONVERSION = YES_AGGRESSIVE;
				CLANG_CXX_LANGUAGE_STANDARD = "gnu++14";
				CLANG_CXX_LIBRARY = "libc++";
				CLANG_ENABLE_MODULES = YES;
				CLANG_ENABLE_OBJC_ARC = YES;
				CLANG_ENABLE_OBJC_WEAK = YES;
				CLANG_WARN_BLOCK_CAPTURE_AUTORELEASING = YES;
				CLANG_WARN_BOOL_CONVERSION = YES;
				CLANG_WARN_COMMA = YES;
				CLANG_WARN_CONSTANT_CONVERSION = YES;
				CLANG_WARN_DEPRECATED_OBJC_IMPLEMENTATIONS = YES;
				CLANG_WARN_DIRECT_OBJC_ISA_USAGE = YES_ERROR;
				CLANG_WARN_DOCUMENTATION_COMMENTS = YES;
				CLANG_WARN_EMPTY_BODY = YES;
				CLANG_WARN_ENUM_CONVERSION = YES;
				CLANG_WARN_INFINITE_RECURSION = YES;
				CLANG_WARN_INT_CONVERSION = YES;
				CLANG_WARN_NON_LITERAL_NULL_CONVERSION = YES;
				CLANG_WARN_OBJC_IMPLICIT_RETAIN_SELF = YES;
				CLANG_WARN_OBJC_LITERAL_CONVERSION = YES;
				CLANG_WARN_OBJC_ROOT_CLASS = YES_ERROR;
				CLANG_WARN_QUOTED_INCLUDE_IN_FRAMEWORK_HEADER = YES;
				CLANG_WARN_RANGE_LOOP_ANALYSIS = YES;
				CLANG_WARN_STRICT_PROTOTYPES = YES;
				CLANG_WARN_SUSPICIOUS_MOVE = YES;
				CLANG_WARN_UNGUARDED_AVAILABILITY = YES_AGGRESSIVE;
				CLANG_WARN_UNREACHABLE_CODE = YES;
				CLANG_WARN__DUPLICATE_METHOD_MATCH = YES;
				CODE_SIGN_IDENTITY = "-";
				CODE_SIGN_STYLE = Manual;
				COPY_PHASE_STRIP = NO;
				DEAD_CODE_STRIPPING = YES;
				DEBUG_INFORMATION_FORMAT = "dwarf-with-dsym";
				DEVELOPMENT_TEAM = "";
				ENABLE_APP_SANDBOX = NO;
				ENABLE_HARDENED_RUNTIME = NO;
				ENABLE_NS_ASSERTIONS = NO;
				ENABLE_STRICT_OBJC_MSGSEND = YES;
				GCC_C_LANGUAGE_STANDARD = gnu11;
				GCC_NO_COMMON_BLOCKS = YES;
				GCC_TREAT_WARNINGS_AS_ERRORS = YES;
				GCC_WARN_64_TO_32_BIT_CONVERSION = YES;
				GCC_WARN_ABOUT_RETURN_TYPE = YES_ERROR;
				GCC_WARN_UNDECLARED_SELECTOR = YES;
				GCC_WARN_UNINITIALIZED_AUTOS = YES_AGGRESSIVE;
				GCC_WARN_UNUSED_FUNCTION = YES;
				GCC_WARN_UNUSED_VARIABLE = YES;
				MACOSX_DEPLOYMENT_TARGET = 26.0;
				MTL_ENABLE_DEBUG_INFO = INCLUDE_SOURCE;
				MTL_FAST_MATH = YES;
				MTL_TREAT_WARNINGS_AS_ERRORS = YES;
				PRODUCT_NAME = "$(TARGET_NAME)";
				SDKROOT = macosx;
				SWIFT_COMPILATION_MODE = wholemodule;
				SWIFT_OPTIMIZATION_LEVEL = "-O";
				SWIFT_STRICT_CONCURRENCY = complete;
				SWIFT_TREAT_WARNINGS_AS_ERRORS = YES;
				SWIFT_VERSION = 6.0;
			};
			name = Release;
		};
		C20EEE848D3B27A41FD01581 /* Debug */ = {
			isa = XCBuildConfiguration;
			buildSettings = {
				BUNDLE_LOADER = "$(TEST_HOST)";
				COMBINE_HIDPI_IMAGES = YES;
				GENERATE_INFOPLIST_FILE = YES;
				LD_RUNPATH_SEARCH_PATHS = (
					"$(inherited)",
					"@executable_path/../Frameworks",
					"@loader_path/../Frameworks",
				);
				ONLY_ACTIVE_ARCH = YES;
				PRODUCT_BUNDLE_IDENTIFIER = com.welshofer.DrumTests;
				SDKROOT = macosx;
				TEST_HOST = "$(BUILT_PRODUCTS_DIR)/Drum.app/Contents/MacOS/Drum";
			};
			name = Debug;
		};
		F8B82E5FC7F5E1907220913A /* Distribution */ = {
			isa = XCBuildConfiguration;
			buildSettings = {
				ASSETCATALOG_COMPILER_APPICON_NAME = AppIcon;
				ASSETCATALOG_COMPILER_GLOBAL_ACCENT_COLOR_NAME = "";
				COMBINE_HIDPI_IMAGES = YES;
				INFOPLIST_FILE = Drum/Info.plist;
				LD_RUNPATH_SEARCH_PATHS = (
					"$(inherited)",
					"@executable_path/../Frameworks",
				);
				MACOSX_DEPLOYMENT_TARGET = 26.0;
				PRODUCT_BUNDLE_IDENTIFIER = com.welshofer.Drum;
				PRODUCT_NAME = Drum;
				SDKROOT = macosx;
				SWIFT_EMIT_LOC_STRINGS = NO;
			};
			name = Distribution;
		};
/* End XCBuildConfiguration section */

/* Begin XCConfigurationList section */
		2916F5E16AE4E7F69A84235C /* Build configuration list for PBXNativeTarget "DrumTests" */ = {
			isa = XCConfigurationList;
			buildConfigurations = (
				C20EEE848D3B27A41FD01581 /* Debug */,
				7149A8F4A4966F537B5D95E4 /* Distribution */,
				609E08AEEF3A80E3A48EBB2F /* Release */,
			);
			defaultConfigurationIsVisible = 0;
			defaultConfigurationName = Debug;
		};
		2EA94AC7ECE52F4AF79EC8F8 /* Build configuration list for PBXProject "Drum" */ = {
			isa = XCConfigurationList;
			buildConfigurations = (
				5C004FCB570074F47B9B845F /* Debug */,
				6A016113A9629334A9ED2374 /* Distribution */,
				A076DD76D9524A64F1358985 /* Release */,
			);
			defaultConfigurationIsVisible = 0;
			defaultConfigurationName = Debug;
		};
		F66B04C5E72B89B32CDDA61F /* Build configuration list for PBXNativeTarget "Drum" */ = {
			isa = XCConfigurationList;
			buildConfigurations = (
				655BE6E4CAF66048CE25A044 /* Debug */,
				F8B82E5FC7F5E1907220913A /* Distribution */,
				9FE801061AE0D3E63DF4942B /* Release */,
			);
			defaultConfigurationIsVisible = 0;
			defaultConfigurationName = Debug;
		};
/* End XCConfigurationList section */

/* Begin XCRemoteSwiftPackageReference section */
		C4230A8E3AE519FEE034F88F /* XCRemoteSwiftPackageReference "SwiftTerm" */ = {
			isa = XCRemoteSwiftPackageReference;
			repositoryURL = "https://github.com/migueldeicaza/SwiftTerm";
			requirement = {
				kind = upToNextMajorVersion;
				minimumVersion = 1.20.0;
			};
		};
/* End XCRemoteSwiftPackageReference section */

/* Begin XCSwiftPackageProductDependency section */
		2992DF22287357EF56926EBA /* SwiftTerm */ = {
			isa = XCSwiftPackageProductDependency;
			package = C4230A8E3AE519FEE034F88F /* XCRemoteSwiftPackageReference "SwiftTerm" */;
			productName = SwiftTerm;
		};
/* End XCSwiftPackageProductDependency section */
	};
	rootObject = A8DA3116932F196ACFF23E6F /* Project object */;
}
